
Microsoft Visual Studio Solution File, Format Version 12.00
# Visual Studio 15
VisualStudioVersion = 15.0.28307.1831
MinimumVisualStudioVersion = 10.0.40219.1
Project("{2150E333-8FDC-42A3-9474-1A3956D46DE8}") = "Application", "Application", "{C7582FD3-FCC9-4CCB-B4F4-39F93277B671}"
EndProject
Project("{2150E333-8FDC-42A3-9474-1A3956D46DE8}") = "Domain", "Domain", "{9B0E2465-A94E-4F0A-8420-2FCB8F1656FF}"
EndProject
Project("{2150E333-8FDC-42A3-9474-1A3956D46DE8}") = "Infra.Data", "Infra.Data", "{43DA7B2F-5BB4-4ABB-A004-B24A622733EE}"
EndProject
Project("{2150E333-8FDC-42A3-9474-1A3956D46DE8}") = "Infra.ioC", "Infra.ioC", "{E81D504B-C6CB-4016-A312-8E6EC7E8AD43}"
EndProject
Project("{2150E333-8FDC-42A3-9474-1A3956D46DE8}") = "UI.MVC", "UI.MVC", "{7238D7E2-08B6-42F4-AC07-3895EC59DFDA}"
EndProject
Project("{FAE04EC0-301F-11D3-BF4B-00C04F79EFBC}") = "CleanArch.MVC", "CleanArch.MVC\CleanArch.MVC.csproj", "{AC8C8E0C-CFE5-4019-B7BD-5BCCF5C8EA11}"
EndProject
Project("{FAE04EC0-301F-11D3-BF4B-00C04F79EFBC}") = "CleanArch.Domain", "CleanArch.Domain\CleanArch.Domain.csproj", "{3889B02E-A46F-49F8-9350-4A2C6258AADF}"
EndProject
Project("{FAE04EC0-301F-11D3-BF4B-00C04F79EFBC}") = "CleanArch.Infra.Data", "CleanArch.Infra.Data\CleanArch.Infra.Data.csproj", "{A7D5577A-BC3D-41ED-B410-C9D2740C7F6F}"
EndProject
Global
	GlobalSection(SolutionConfigurationPlatforms) = preSolution
		Debug|Any CPU = Debug|Any CPU
		Release|Any CPU = Release|Any CPU
	EndGlobalSection
	GlobalSection(ProjectConfigurationPlatforms) = postSolution
		{AC8C8E0C-CFE5-4019-B7BD-5BCCF5C8EA11}.Debug|Any CPU.ActiveCfg = Debug|Any CPU
		{AC8C8E0C-CFE5-4019-B7BD-5BCCF5C8EA11}.Debug|Any CPU.Build.0 = Debug|Any CPU
		{AC8C8E0C-CFE5-4019-B7BD-5BCCF5C8EA11}.Release|Any CPU.ActiveCfg = Release|Any CPU
		{AC8C8E0C-CFE5-4019-B7BD-5BCCF5C8EA11}.Release|Any CPU.Build.0 = Release|Any CPU
		{3889B02E-A46F-49F8-9350-4A2C6258AADF}.Debug|Any CPU.ActiveCfg = Debug|Any CPU
		{3889B02E-A46F-49F8-9350-4A2C6258AADF}.Debug|Any CPU.Build.0 = Debug|Any CPU
		{3889B02E-A46F-49F8-9350-4A2C6258AADF}.Release|Any CPU.ActiveCfg = Release|Any CPU
		{3889B02E-A46F-49F8-9350-4A2C6258AADF}.Release|Any CPU.Build.0 = Release|Any CPU
		{A7D5577A-BC3D-41ED-B410-C9D2740C7F6F}.Debug|Any CPU.ActiveCfg = Debug|Any CPU
		{A7D5577A-BC3D-41ED-B410-C9D2740C7F6F}.Debug|Any CPU.Build.0 = Debug|Any CPU
		{A7D5577A-BC3D-41ED-B410-C9D2740C7F6F}.Release|Any CPU.ActiveCfg = Release|Any CPU
		{A7D5577A-BC3D-41ED-B410-C9D2740C7F6F}.Release|Any CPU.Build.0 = Release|Any CPU
	EndGlobalSection
	GlobalSection(SolutionProperties) = preSolution
		HideSolutionNode = FALSE
	EndGlobalSection
	GlobalSection(NestedProjects) = preSolution
		{AC8C8E0C-CFE5-4019-B7BD-5BCCF5C8EA11} = {7238D7E2-08B6-42F4-AC07-3895EC59DFDA}
		{3889B02E-A46F-49F8-9350-4A2C6258AADF} = {9B0E2465-A94E-4F0A-8420-2FCB8F1656FF}
		{A7D5577A-BC3D-41ED-B410-C9D2740C7F6F} = {43DA7B2F-5BB4-4ABB-A004-B24A622733EE}
	EndGlobalSection
	GlobalSection(ExtensibilityGlobals) = postSolution
		SolutionGuid = {E9F479CD-E699-4741-BF7F-70C0E3A98DA0}
	EndGlobalSection
EndGlobal
